
Microsoft Visual Studio Solution File, Format Version 12.00
# Visual Studio Version 16
VisualStudioVersion = 16.0.30907.101
MinimumVisualStudioVersion = 10.0.40219.1
Project("{FAE04EC0-301F-11D3-BF4B-00C04F79EFBC}") = "Harjoitus", "Harjoitus\Harjoitus.csproj", "{B9111263-85E5-4E27-9663-2FA9D5BB17BE}"
EndProject
Project("{FAE04EC0-301F-11D3-BF4B-00C04F79EFBC}") = "Harjoitus 2", "Harjoitus 2\Harjoitus 2.csproj", "{08C20E45-A402-4806-942D-704A551260FC}"
EndProject
Project("{FAE04EC0-301F-11D3-BF4B-00C04F79EFBC}") = "Testi", "Testi\Testi.csproj", "{004431A4-DB56-429C-AC59-3DB3561F7A87}"
EndProject
Global
	GlobalSection(SolutionConfigurationPlatforms) = preSolution
		Debug|Any CPU = Debug|Any CPU
		Release|Any CPU = Release|Any CPU
	EndGlobalSection
	GlobalSection(ProjectConfigurationPlatforms) = postSolution
		{B9111263-85E5-4E27-9663-2FA9D5BB17BE}.Debug|Any CPU.ActiveCfg = Debug|Any CPU
		{B9111263-85E5-4E27-9663-2FA9D5BB17BE}.Debug|Any CPU.Build.0 = Debug|Any CPU
		{B9111263-85E5-4E27-9663-2FA9D5BB17BE}.Release|Any CPU.ActiveCfg = Release|Any CPU
		{B9111263-85E5-4E27-9663-2FA9D5BB17BE}.Release|Any CPU.Build.0 = Release|Any CPU
		{08C20E45-A402-4806-942D-704A551260FC}.Debug|Any CPU.ActiveCfg = Debug|Any CPU
		{08C20E45-A402-4806-942D-704A551260FC}.Debug|Any CPU.Build.0 = Debug|Any CPU
		{08C20E45-A402-4806-942D-704A551260FC}.Release|Any CPU.ActiveCfg = Release|Any CPU
		{08C20E45-A402-4806-942D-704A551260FC}.Release|Any CPU.Build.0 = Release|Any CPU
		{004431A4-DB56-429C-AC59-3DB3561F7A87}.Debug|Any CPU.ActiveCfg = Debug|Any CPU
		{004431A4-DB56-429C-AC59-3DB3561F7A87}.Debug|Any CPU.Build.0 = Debug|Any CPU
		{004431A4-DB56-429C-AC59-3DB3561F7A87}.Release|Any CPU.ActiveCfg = Release|Any CPU
		{004431A4-DB56-429C-AC59-3DB3561F7A87}.Release|Any CPU.Build.0 = Release|Any CPU
	EndGlobalSection
	GlobalSection(SolutionProperties) = preSolution
		HideSolutionNode = FALSE
	EndGlobalSection
	GlobalSection(ExtensibilityGlobals) = postSolution
		SolutionGuid = {75729149-ED67-4EE0-A2A5-EFCD65B8BE01}
	EndGlobalSection
EndGlobal
